
Microsoft Visual Studio Solution File, Format Version 12.00
# Visual Studio Version 17
VisualStudioVersion = 17.11.35312.102
MinimumVisualStudioVersion = 10.0.40219.1
Project("{FAE04EC0-301F-11D3-BF4B-00C04F79EFBC}") = "Prova_Poo", "Prova_Poo\Prova_Poo.csproj", "{76902177-2032-4029-B319-BD3E0511E100}"
EndProject
Global
	GlobalSection(SolutionConfigurationPlatforms) = preSolution
		Debug|Any CPU = Debug|Any CPU
		Release|Any CPU = Release|Any CPU
	EndGlobalSection
	GlobalSection(ProjectConfigurationPlatforms) = postSolution
		{76902177-2032-4029-B319-BD3E0511E100}.Debug|Any CPU.ActiveCfg = Debug|Any CPU
		{76902177-2032-4029-B319-BD3E0511E100}.Debug|Any CPU.Build.0 = Debug|Any CPU
		{76902177-2032-4029-B319-BD3E0511E100}.Release|Any CPU.ActiveCfg = Release|Any CPU
		{76902177-2032-4029-B319-BD3E0511E100}.Release|Any CPU.Build.0 = Release|Any CPU
	EndGlobalSection
	GlobalSection(SolutionProperties) = preSolution
		HideSolutionNode = FALSE
	EndGlobalSection
	GlobalSection(ExtensibilityGlobals) = postSolution
		SolutionGuid = {125E7A58-2EC3-4507-99A7-8D32AA154909}
	EndGlobalSection
EndGlobal
